{
  "requires": true,
  "lockfileVersion": 1,
  "dependencies": {
    "leaflet-filelayer": {
      "version": "1.0.0",
      "resolved": "https://registry.npmjs.org/leaflet-filelayer/-/leaflet-filelayer-1.0.0.tgz",
      "integrity": "sha512-jqtyRhJAzGZiLc/vC5XlqGKTdJox8PAIGDPGp/Izg1YTYYOQtDIASeMp05ibGEVlXvmqK5uuHSIrYyQMFBsy6A=="
    }
  }
}
